{
  "name": "DockerizedMessageAPI",
  "lockfileVersion": 3,
  "requires": true,
  "packages": {
    "": {
      "dependencies": {
        "terminal.css": "^0.7.5"
      }
    },
    "node_modules/terminal.css": {
      "version": "0.7.5",
      "resolved": "https://registry.npmjs.org/terminal.css/-/terminal.css-0.7.5.tgz",
      "integrity": "sha512-M4RU7IRzqSZoJNRZCmxbRJqjxZqP2eV5cWyUlfAwqJx2GkoHlakTyoPLj0tLJwVJurfac38MwL5Mpwr23Yb0ow==",
      "license": "MIT"
    }
  }
}
